
Microsoft Visual Studio Solution File, Format Version 12.00
# Visual Studio Version 16
VisualStudioVersion = 16.0.31205.134
MinimumVisualStudioVersion = 10.0.40219.1
Project("{FAE04EC0-301F-11D3-BF4B-00C04F79EFBC}") = "servdash", "servdash.csproj", "{BDF4F120-DE15-47A6-8B88-7735B59935CA}"
EndProject
Global
	GlobalSection(SolutionConfigurationPlatforms) = preSolution
		Debug|Any CPU = Debug|Any CPU
		Release|Any CPU = Release|Any CPU
	EndGlobalSection
	GlobalSection(ProjectConfigurationPlatforms) = postSolution
		{BDF4F120-DE15-47A6-8B88-7735B59935CA}.Debug|Any CPU.ActiveCfg = Debug|Any CPU
		{BDF4F120-DE15-47A6-8B88-7735B59935CA}.Debug|Any CPU.Build.0 = Debug|Any CPU
		{BDF4F120-DE15-47A6-8B88-7735B59935CA}.Release|Any CPU.ActiveCfg = Release|Any CPU
		{BDF4F120-DE15-47A6-8B88-7735B59935CA}.Release|Any CPU.Build.0 = Release|Any CPU
	EndGlobalSection
	GlobalSection(SolutionProperties) = preSolution
		HideSolutionNode = FALSE
	EndGlobalSection
	GlobalSection(ExtensibilityGlobals) = postSolution
		SolutionGuid = {EFC1FAE6-985F-4DC6-80D7-B844509CDA1C}
	EndGlobalSection
EndGlobal
